{
	"name": "@shared/prettier-config",
	"version": "0.1.0",
	"lockfileVersion": 1,
	"requires": true,
	"dependencies": {
		"prettier": {
			"version": "2.3.1",
			"resolved": "https://registry.npmjs.org/prettier/-/prettier-2.3.1.tgz",
			"integrity": "sha512-p+vNbgpLjif/+D+DwAZAbndtRrR0md0MwfmOVN9N+2RgyACMT+7tfaRnT+WDPkqnuVwleyuBIG2XBxKDme3hPA==",
			"dev": true
		}
	}
}
