{
    "name": "@microsoft/teams-manifest",
    "version": "0.0.1",
    "lockfileVersion": 1,
    "requires": true,
    "dependencies": {
        "@azure/abort-controller": {
            "version": "1.0.4",
            "resolved": "https://registry.npmjs.org/@azure/abort-controller/-/abort-controller-1.0.4.tgz",
            "integrity": "sha512-lNUmDRVGpanCsiUN3NWxFTdwmdFI53xwhkTFfHDGTYk46ca7Ind3nanJc+U6Zj9Tv+9nTCWRBscWEW1DyKOpTw==",
            "requires": {
                "tslib": "^2.0.0"
            }
        },
        "@azure/core-asynciterator-polyfill": {
            "version": "1.0.2",
            "resolved": "https://registry.npmjs.org/@azure/core-asynciterator-polyfill/-/core-asynciterator-polyfill-1.0.2.tgz",
            "integrity": "sha512-3rkP4LnnlWawl0LZptJOdXNrT/fHp2eQMadoasa6afspXdpGrtPZuAQc2PD0cpgyuoXtUWyC3tv7xfntjGS5Dw=="
        },
        "@azure/core-auth": {
            "version": "1.3.2",
            "resolved": "https://registry.npmjs.org/@azure/core-auth/-/core-auth-1.3.2.tgz",
            "integrity": "sha512-7CU6DmCHIZp5ZPiZ9r3J17lTKMmYsm/zGvNkjArQwPkrLlZ1TZ+EUYfGgh2X31OLMVAQCTJZW4cXHJi02EbJnA==",
            "requires": {
                "@azure/abort-controller": "^1.0.0",
                "tslib": "^2.2.0"
            }
        },
        "@azure/core-http": {
            "version": "1.2.6",
            "resolved": "https://registry.npmjs.org/@azure/core-http/-/core-http-1.2.6.tgz",
            "integrity": "sha512-odtH7UMKtekc5YQ86xg9GlVHNXR6pq2JgJ5FBo7/jbOjNGdBqcrIVrZx2bevXVJz/uUTSx6vUf62gzTXTfqYSQ==",
            "requires": {
                "@azure/abort-controller": "^1.0.0",
                "@azure/core-asynciterator-polyfill": "^1.0.0",
                "@azure/core-auth": "^1.3.0",
                "@azure/core-tracing": "1.0.0-preview.11",
                "@azure/logger": "^1.0.0",
                "@types/node-fetch": "^2.5.0",
                "@types/tunnel": "^0.0.1",
                "form-data": "^3.0.0",
                "node-fetch": "^2.6.0",
                "process": "^0.11.10",
                "tough-cookie": "^4.0.0",
                "tslib": "^2.2.0",
                "tunnel": "^0.0.6",
                "uuid": "^8.3.0",
                "xml2js": "^0.4.19"
            }
        },
        "@azure/core-tracing": {
            "version": "1.0.0-preview.11",
            "resolved": "https://registry.npmjs.org/@azure/core-tracing/-/core-tracing-1.0.0-preview.11.tgz",
            "integrity": "sha512-frF0pJc9HTmKncVokhBxCqipjbql02DThQ1ZJ9wLi7SDMLdPAFyDI5xZNzX5guLz+/DtPkY+SGK2li9FIXqshQ==",
            "requires": {
                "@opencensus/web-types": "0.0.7",
                "@opentelemetry/api": "1.0.0-rc.0",
                "tslib": "^2.0.0"
            }
        },
        "@azure/logger": {
            "version": "1.0.3",
            "resolved": "https://registry.npmjs.org/@azure/logger/-/logger-1.0.3.tgz",
            "integrity": "sha512-aK4s3Xxjrx3daZr3VylxejK3vG5ExXck5WOHDJ8in/k9AqlfIyFMMT1uG7u8mNjX+QRILTIn0/Xgschfh/dQ9g==",
            "requires": {
                "tslib": "^2.2.0"
            }
        },
        "@azure/ms-rest-azure-env": {
            "version": "2.0.0",
            "resolved": "https://registry.npmjs.org/@azure/ms-rest-azure-env/-/ms-rest-azure-env-2.0.0.tgz",
            "integrity": "sha512-dG76W7ElfLi+fbTjnZVGj+M9e0BIEJmRxU6fHaUQ12bZBe8EJKYb2GV50YWNaP2uJiVQ5+7nXEVj1VN1UQtaEw=="
        },
        "@azure/ms-rest-js": {
            "version": "2.6.0",
            "resolved": "https://registry.npmjs.org/@azure/ms-rest-js/-/ms-rest-js-2.6.0.tgz",
            "integrity": "sha512-4C5FCtvEzWudblB+h92/TYYPiq7tuElX8icVYToxOdggnYqeec4Se14mjse5miInKtZahiFHdl8lZA/jziEc5g==",
            "requires": {
                "@azure/core-auth": "^1.1.4",
                "abort-controller": "^3.0.0",
                "form-data": "^2.5.0",
                "node-fetch": "^2.6.0",
                "tough-cookie": "^3.0.1",
                "tslib": "^1.10.0",
                "tunnel": "0.0.6",
                "uuid": "^8.3.2",
                "xml2js": "^0.4.19"
            },
            "dependencies": {
                "form-data": {
                    "version": "2.5.1",
                    "resolved": "https://registry.npmjs.org/form-data/-/form-data-2.5.1.tgz",
                    "integrity": "sha512-m21N3WOmEEURgk6B9GLOE4RuWOFf28Lhh9qGYeNlGq4VDXUlJy2th2slBNU8Gp8EzloYZOibZJ7t5ecIrFSjVA==",
                    "requires": {
                        "asynckit": "^0.4.0",
                        "combined-stream": "^1.0.6",
                        "mime-types": "^2.1.12"
                    }
                },
                "tough-cookie": {
                    "version": "3.0.1",
                    "resolved": "https://registry.npmjs.org/tough-cookie/-/tough-cookie-3.0.1.tgz",
                    "integrity": "sha512-yQyJ0u4pZsv9D4clxO69OEjLWYw+jbgspjTue4lTQZLfV0c5l1VmK2y1JK8E9ahdpltPOaAThPcp5nKPUgSnsg==",
                    "requires": {
                        "ip-regex": "^2.1.0",
                        "psl": "^1.1.28",
                        "punycode": "^2.1.1"
                    }
                },
                "tslib": {
                    "version": "1.14.1",
                    "resolved": "https://registry.npmjs.org/tslib/-/tslib-1.14.1.tgz",
                    "integrity": "sha512-Xni35NKzjgMrwevysHTCArtLDpPvye8zV/0E4EyYn43P7/7qvQwPh9BGkHewbMulVntbigmcT7rdX3BNo9wRJg=="
                }
            }
        },
        "@azure/ms-rest-nodeauth": {
            "version": "3.1.1",
            "resolved": "https://registry.npmjs.org/@azure/ms-rest-nodeauth/-/ms-rest-nodeauth-3.1.1.tgz",
            "integrity": "sha512-UA/8dgLy3+ZiwJjAZHxL4MUB14fFQPkaAOZ94jsTW/Z6WmoOeny2+cLk0+dyIX/iH6qSrEWKwbStEeB970B9pA==",
            "requires": {
                "@azure/ms-rest-azure-env": "^2.0.0",
                "@azure/ms-rest-js": "^2.0.4",
                "adal-node": "^0.2.2"
            }
        },
        "@microsoft/teamsfx-api": {
            "version": "0.14.0",
            "resolved": "https://registry.npmjs.org/@microsoft/teamsfx-api/-/teamsfx-api-0.14.0.tgz",
            "integrity": "sha512-Y+osR83P7La62Oh5sSlFBpcY1ubfL9NecyCXM2J1T0xI/yfsDN2iyAQ5GGRjO/ZQ/cvKzyyN2bWY7X/v+I+SIA==",
            "requires": {
                "@azure/core-http": "^1.2.2",
                "@azure/ms-rest-nodeauth": "^3.0.7",
                "@types/fs-extra": "^9.0.10",
                "axios": "^0.21.2",
                "chai": "^4.3.4",
                "jsonschema": "^1.4.0",
                "neverthrow": "^3.2.0"
            }
        },
        "@opencensus/web-types": {
            "version": "0.0.7",
            "resolved": "https://registry.npmjs.org/@opencensus/web-types/-/web-types-0.0.7.tgz",
            "integrity": "sha512-xB+w7ZDAu3YBzqH44rCmG9/RlrOmFuDPt/bpf17eJr8eZSrLt7nc7LnWdxM9Mmoj/YKMHpxRg28txu3TcpiL+g=="
        },
        "@opentelemetry/api": {
            "version": "1.0.0-rc.0",
            "resolved": "https://registry.npmjs.org/@opentelemetry/api/-/api-1.0.0-rc.0.tgz",
            "integrity": "sha512-iXKByCMfrlO5S6Oh97BuM56tM2cIBB0XsL/vWF/AtJrJEKx4MC/Xdu0xDsGXMGcNWpqF7ujMsjjnp0+UHBwnDQ=="
        },
        "@types/fs-extra": {
            "version": "9.0.13",
            "resolved": "https://registry.npmjs.org/@types/fs-extra/-/fs-extra-9.0.13.tgz",
            "integrity": "sha512-nEnwB++1u5lVDM2UI4c1+5R+FYaKfaAzS4OococimjVm3nQw3TuzH5UNsocrcTBbhnerblyHj4A49qXbIiZdpA==",
            "requires": {
                "@types/node": "*"
            }
        },
        "@types/node": {
            "version": "17.0.18",
            "resolved": "https://registry.npmjs.org/@types/node/-/node-17.0.18.tgz",
            "integrity": "sha512-eKj4f/BsN/qcculZiRSujogjvp5O/k4lOW5m35NopjZM/QwLOR075a8pJW5hD+Rtdm2DaCVPENS6KtSQnUD6BA=="
        },
        "@types/node-fetch": {
            "version": "2.6.0",
            "resolved": "https://registry.npmjs.org/@types/node-fetch/-/node-fetch-2.6.0.tgz",
            "integrity": "sha512-HT+uU6V27wJFXgEqTk/+rVE1MWcp5bg7Yuz//43TZ2PjpQbQ8vDLwVmB+fSpgs83j/+p+rMIlDRo9TL3IexWMA==",
            "requires": {
                "@types/node": "*",
                "form-data": "^2.3.3"
            },
            "dependencies": {
                "form-data": {
                    "version": "2.5.1",
                    "resolved": "https://registry.npmjs.org/form-data/-/form-data-2.5.1.tgz",
                    "integrity": "sha512-m21N3WOmEEURgk6B9GLOE4RuWOFf28Lhh9qGYeNlGq4VDXUlJy2th2slBNU8Gp8EzloYZOibZJ7t5ecIrFSjVA==",
                    "requires": {
                        "asynckit": "^0.4.0",
                        "combined-stream": "^1.0.6",
                        "mime-types": "^2.1.12"
                    }
                }
            }
        },
        "@types/tunnel": {
            "version": "0.0.1",
            "resolved": "https://registry.npmjs.org/@types/tunnel/-/tunnel-0.0.1.tgz",
            "integrity": "sha512-AOqu6bQu5MSWwYvehMXLukFHnupHrpZ8nvgae5Ggie9UwzDR1CCwoXgSSWNZJuyOlCdfdsWMA5F2LlmvyoTv8A==",
            "requires": {
                "@types/node": "*"
            }
        },
        "@xmldom/xmldom": {
            "version": "0.7.5",
            "resolved": "https://registry.npmjs.org/@xmldom/xmldom/-/xmldom-0.7.5.tgz",
            "integrity": "sha512-V3BIhmY36fXZ1OtVcI9W+FxQqxVLsPKcNjWigIaa81dLC9IolJl5Mt4Cvhmr0flUnjSpTdrbMTSbXqYqV5dT6A=="
        },
        "abort-controller": {
            "version": "3.0.0",
            "resolved": "https://registry.npmjs.org/abort-controller/-/abort-controller-3.0.0.tgz",
            "integrity": "sha512-h8lQ8tacZYnR3vNQTgibj+tODHI5/+l06Au2Pcriv/Gmet0eaj4TwWH41sO9wnHDiQsEj19q0drzdWdeAHtweg==",
            "requires": {
                "event-target-shim": "^5.0.0"
            }
        },
        "adal-node": {
            "version": "0.2.3",
            "resolved": "https://registry.npmjs.org/adal-node/-/adal-node-0.2.3.tgz",
            "integrity": "sha512-gMKr8RuYEYvsj7jyfCv/4BfKToQThz20SP71N3AtFn3ia3yAR8Qt2T3aVQhuJzunWs2b38ZsQV0qsZPdwZr7VQ==",
            "requires": {
                "@xmldom/xmldom": "^0.7.0",
                "async": "^2.6.3",
                "axios": "^0.21.1",
                "date-utils": "*",
                "jws": "3.x.x",
                "underscore": ">= 1.3.1",
                "uuid": "^3.1.0",
                "xpath.js": "~1.1.0"
            },
            "dependencies": {
                "uuid": {
                    "version": "3.4.0",
                    "resolved": "https://registry.npmjs.org/uuid/-/uuid-3.4.0.tgz",
                    "integrity": "sha512-HjSDRw6gZE5JMggctHBcjVak08+KEVhSIiDzFnT9S9aegmp85S/bReBVTb4QTFaRNptJ9kuYaNhnbNEOkbKb/A=="
                }
            }
        },
        "assertion-error": {
            "version": "1.1.0",
            "resolved": "https://registry.npmjs.org/assertion-error/-/assertion-error-1.1.0.tgz",
            "integrity": "sha512-jgsaNduz+ndvGyFt3uSuWqvy4lCnIJiovtouQN5JZHOKCS2QuhEdbcQHFhVksz2N2U9hXJo8odG7ETyWlEeuDw=="
        },
        "async": {
            "version": "2.6.3",
            "resolved": "https://registry.npmjs.org/async/-/async-2.6.3.tgz",
            "integrity": "sha512-zflvls11DCy+dQWzTW2dzuilv8Z5X/pjfmZOWba6TNIVDm+2UDaJmXSOXlasHKfNBs8oo3M0aT50fDEWfKZjXg==",
            "requires": {
                "lodash": "^4.17.14"
            }
        },
        "asynckit": {
            "version": "0.4.0",
            "resolved": "https://registry.npmjs.org/asynckit/-/asynckit-0.4.0.tgz",
            "integrity": "sha1-x57Zf380y48robyXkLzDZkdLS3k="
        },
        "at-least-node": {
            "version": "1.0.0",
            "resolved": "https://registry.npmjs.org/at-least-node/-/at-least-node-1.0.0.tgz",
            "integrity": "sha512-+q/t7Ekv1EDY2l6Gda6LLiX14rU9TV20Wa3ofeQmwPFZbOMo9DXrLbOjFaaclkXKWidIaopwAObQDqwWtGUjqg==",
            "dev": true
        },
        "axios": {
            "version": "0.21.4",
            "resolved": "https://registry.npmjs.org/axios/-/axios-0.21.4.tgz",
            "integrity": "sha512-ut5vewkiu8jjGBdqpM44XxjuCjq9LAKeHVmoVfHVzy8eHgxxq8SbAVQNovDA8mVi05kP0Ea/n/UzcSHcTJQfNg==",
            "requires": {
                "follow-redirects": "^1.14.0"
            }
        },
        "balanced-match": {
            "version": "1.0.2",
            "resolved": "https://registry.npmjs.org/balanced-match/-/balanced-match-1.0.2.tgz",
            "integrity": "sha512-3oSeUO0TMV67hN1AmbXsK4yaqU7tjiHlbxRDZOpH0KW9+CeX4bRAaX0Anxt0tx2MrpRpWwQaPwIlISEJhYU5Pw==",
            "dev": true
        },
        "brace-expansion": {
            "version": "1.1.11",
            "resolved": "https://registry.npmjs.org/brace-expansion/-/brace-expansion-1.1.11.tgz",
            "integrity": "sha512-iCuPHDFgrHX7H2vEI/5xpz07zSHB00TpugqhmYtVmMO6518mCuRMoOYFldEBl0g187ufozdaHgWKcYFb61qGiA==",
            "dev": true,
            "requires": {
                "balanced-match": "^1.0.0",
                "concat-map": "0.0.1"
            }
        },
        "buffer-equal-constant-time": {
            "version": "1.0.1",
            "resolved": "https://registry.npmjs.org/buffer-equal-constant-time/-/buffer-equal-constant-time-1.0.1.tgz",
            "integrity": "sha1-+OcRMvf/5uAaXJaXpMbz5I1cyBk="
        },
        "chai": {
            "version": "4.3.6",
            "resolved": "https://registry.npmjs.org/chai/-/chai-4.3.6.tgz",
            "integrity": "sha512-bbcp3YfHCUzMOvKqsztczerVgBKSsEijCySNlHHbX3VG1nskvqjz5Rfso1gGwD6w6oOV3eI60pKuMOV5MV7p3Q==",
            "requires": {
                "assertion-error": "^1.1.0",
                "check-error": "^1.0.2",
                "deep-eql": "^3.0.1",
                "get-func-name": "^2.0.0",
                "loupe": "^2.3.1",
                "pathval": "^1.1.1",
                "type-detect": "^4.0.5"
            }
        },
        "check-error": {
            "version": "1.0.2",
            "resolved": "https://registry.npmjs.org/check-error/-/check-error-1.0.2.tgz",
            "integrity": "sha1-V00xLt2Iu13YkS6Sht1sCu1KrII="
        },
        "combined-stream": {
            "version": "1.0.8",
            "resolved": "https://registry.npmjs.org/combined-stream/-/combined-stream-1.0.8.tgz",
            "integrity": "sha512-FQN4MRfuJeHf7cBbBMJFXhKSDq+2kAArBlmRBvcvFE5BB1HZKXtSFASDhdlz9zOYwxh8lDdnvmMOe/+5cdoEdg==",
            "requires": {
                "delayed-stream": "~1.0.0"
            }
        },
        "concat-map": {
            "version": "0.0.1",
            "resolved": "https://registry.npmjs.org/concat-map/-/concat-map-0.0.1.tgz",
            "integrity": "sha1-2Klr13/Wjfd5OnMDajug1UBdR3s=",
            "dev": true
        },
        "date-utils": {
            "version": "1.2.21",
            "resolved": "https://registry.npmjs.org/date-utils/-/date-utils-1.2.21.tgz",
            "integrity": "sha1-YfsWzcEnSzyayq/+n8ad+HIKK2Q="
        },
        "deep-eql": {
            "version": "3.0.1",
            "resolved": "https://registry.npmjs.org/deep-eql/-/deep-eql-3.0.1.tgz",
            "integrity": "sha512-+QeIQyN5ZuO+3Uk5DYh6/1eKO0m0YmJFGNmFHGACpf1ClL1nmlV/p4gNgbl2pJGxgXb4faqo6UE+M5ACEMyVcw==",
            "requires": {
                "type-detect": "^4.0.0"
            }
        },
        "delayed-stream": {
            "version": "1.0.0",
            "resolved": "https://registry.npmjs.org/delayed-stream/-/delayed-stream-1.0.0.tgz",
            "integrity": "sha1-3zrhmayt+31ECqrgsp4icrJOxhk="
        },
        "ecdsa-sig-formatter": {
            "version": "1.0.11",
            "resolved": "https://registry.npmjs.org/ecdsa-sig-formatter/-/ecdsa-sig-formatter-1.0.11.tgz",
            "integrity": "sha512-nagl3RYrbNv6kQkeJIpt6NJZy8twLB/2vtz6yN9Z4vRKHN4/QZJIEbqohALSgwKdnksuY3k5Addp5lg8sVoVcQ==",
            "requires": {
                "safe-buffer": "^5.0.1"
            }
        },
        "event-target-shim": {
            "version": "5.0.1",
            "resolved": "https://registry.npmjs.org/event-target-shim/-/event-target-shim-5.0.1.tgz",
            "integrity": "sha512-i/2XbnSz/uxRCU6+NdVJgKWDTM427+MqYbkQzD321DuCQJUqOuJKIA0IM2+W2xtYHdKOmZ4dR6fExsd4SXL+WQ=="
        },
        "follow-redirects": {
            "version": "1.14.8",
            "resolved": "https://registry.npmjs.org/follow-redirects/-/follow-redirects-1.14.8.tgz",
            "integrity": "sha512-1x0S9UVJHsQprFcEC/qnNzBLcIxsjAV905f/UkQxbclCsoTWlacCNOpQa/anodLl2uaEKFhfWOvM2Qg77+15zA=="
        },
        "form-data": {
            "version": "3.0.1",
            "resolved": "https://registry.npmjs.org/form-data/-/form-data-3.0.1.tgz",
            "integrity": "sha512-RHkBKtLWUVwd7SqRIvCZMEvAMoGUp0XU+seQiZejj0COz3RI3hWP4sCv3gZWWLjJTd7rGwcsF5eKZGii0r/hbg==",
            "requires": {
                "asynckit": "^0.4.0",
                "combined-stream": "^1.0.8",
                "mime-types": "^2.1.12"
            }
        },
        "fs-extra": {
            "version": "9.1.0",
            "resolved": "https://registry.npmjs.org/fs-extra/-/fs-extra-9.1.0.tgz",
            "integrity": "sha512-hcg3ZmepS30/7BSFqRvoo3DOMQu7IjqxO5nCDt+zM9XWjb33Wg7ziNT+Qvqbuc3+gWpzO02JubVyk2G4Zvo1OQ==",
            "dev": true,
            "requires": {
                "at-least-node": "^1.0.0",
                "graceful-fs": "^4.2.0",
                "jsonfile": "^6.0.1",
                "universalify": "^2.0.0"
            },
            "dependencies": {
                "universalify": {
                    "version": "2.0.0",
                    "resolved": "https://registry.npmjs.org/universalify/-/universalify-2.0.0.tgz",
                    "integrity": "sha512-hAZsKq7Yy11Zu1DE0OzWjw7nnLZmJZYTDZZyEFHZdUhV8FkH5MCfoU1XMaxXovpyW5nq5scPqq0ZDP9Zyl04oQ==",
                    "dev": true
                }
            }
        },
        "fs.realpath": {
            "version": "1.0.0",
            "resolved": "https://registry.npmjs.org/fs.realpath/-/fs.realpath-1.0.0.tgz",
            "integrity": "sha1-FQStJSMVjKpA20onh8sBQRmU6k8=",
            "dev": true
        },
        "get-func-name": {
            "version": "2.0.0",
            "resolved": "https://registry.npmjs.org/get-func-name/-/get-func-name-2.0.0.tgz",
            "integrity": "sha1-6td0q+5y4gQJQzoGY2YCPdaIekE="
        },
        "glob": {
            "version": "7.2.0",
            "resolved": "https://registry.npmjs.org/glob/-/glob-7.2.0.tgz",
            "integrity": "sha512-lmLf6gtyrPq8tTjSmrO94wBeQbFR3HbLHbuyD69wuyQkImp2hWqMGB47OX65FBkPffO641IP9jWa1z4ivqG26Q==",
            "dev": true,
            "requires": {
                "fs.realpath": "^1.0.0",
                "inflight": "^1.0.4",
                "inherits": "2",
                "minimatch": "^3.0.4",
                "once": "^1.3.0",
                "path-is-absolute": "^1.0.0"
            }
        },
        "graceful-fs": {
            "version": "4.2.9",
            "resolved": "https://registry.npmjs.org/graceful-fs/-/graceful-fs-4.2.9.tgz",
            "integrity": "sha512-NtNxqUcXgpW2iMrfqSfR73Glt39K+BLwWsPs94yR63v45T0Wbej7eRmL5cWfwEgqXnmjQp3zaJTshdRW/qC2ZQ==",
            "dev": true
        },
        "inflight": {
            "version": "1.0.6",
            "resolved": "https://registry.npmjs.org/inflight/-/inflight-1.0.6.tgz",
            "integrity": "sha1-Sb1jMdfQLQwJvJEKEHW6gWW1bfk=",
            "dev": true,
            "requires": {
                "once": "^1.3.0",
                "wrappy": "1"
            }
        },
        "inherits": {
            "version": "2.0.4",
            "resolved": "https://registry.npmjs.org/inherits/-/inherits-2.0.4.tgz",
            "integrity": "sha512-k/vGaX4/Yla3WzyMCvTQOXYeIHvqOKtnqBduzTHpzpQZzAskKMhZ2K+EnBiSM9zGSoIFeMpXKxa4dYeZIQqewQ==",
            "dev": true
        },
        "ip-regex": {
            "version": "2.1.0",
            "resolved": "https://registry.npmjs.org/ip-regex/-/ip-regex-2.1.0.tgz",
            "integrity": "sha1-+ni/XS5pE8kRzp+BnuUUa7bYROk="
        },
        "jsonfile": {
            "version": "6.1.0",
            "resolved": "https://registry.npmjs.org/jsonfile/-/jsonfile-6.1.0.tgz",
            "integrity": "sha512-5dgndWOriYSm5cnYaJNhalLNDKOqFwyDB/rr1E9ZsGciGvKPs8R2xYGCacuf3z6K1YKDz182fd+fY3cn3pMqXQ==",
            "dev": true,
            "requires": {
                "graceful-fs": "^4.1.6",
                "universalify": "^2.0.0"
            },
            "dependencies": {
                "universalify": {
                    "version": "2.0.0",
                    "resolved": "https://registry.npmjs.org/universalify/-/universalify-2.0.0.tgz",
                    "integrity": "sha512-hAZsKq7Yy11Zu1DE0OzWjw7nnLZmJZYTDZZyEFHZdUhV8FkH5MCfoU1XMaxXovpyW5nq5scPqq0ZDP9Zyl04oQ==",
                    "dev": true
                }
            }
        },
        "jsonschema": {
            "version": "1.4.0",
            "resolved": "https://registry.npmjs.org/jsonschema/-/jsonschema-1.4.0.tgz",
            "integrity": "sha512-/YgW6pRMr6M7C+4o8kS+B/2myEpHCrxO4PEWnqJNBFMjn7EWXqlQ4tGwL6xTHeRplwuZmcAncdvfOad1nT2yMw=="
        },
        "jwa": {
            "version": "1.4.1",
            "resolved": "https://registry.npmjs.org/jwa/-/jwa-1.4.1.tgz",
            "integrity": "sha512-qiLX/xhEEFKUAJ6FiBMbes3w9ATzyk5W7Hvzpa/SLYdxNtng+gcurvrI7TbACjIXlsJyr05/S1oUhZrc63evQA==",
            "requires": {
                "buffer-equal-constant-time": "1.0.1",
                "ecdsa-sig-formatter": "1.0.11",
                "safe-buffer": "^5.0.1"
            }
        },
        "jws": {
            "version": "3.2.2",
            "resolved": "https://registry.npmjs.org/jws/-/jws-3.2.2.tgz",
            "integrity": "sha512-YHlZCB6lMTllWDtSPHz/ZXTsi8S00usEV6v1tjq8tOUZzw7DpSDWVXjXDre6ed1w/pd495ODpHZYSdkRTsa0HA==",
            "requires": {
                "jwa": "^1.4.1",
                "safe-buffer": "^5.0.1"
            }
        },
        "lodash": {
            "version": "4.17.21",
            "resolved": "https://registry.npmjs.org/lodash/-/lodash-4.17.21.tgz",
            "integrity": "sha512-v2kDEe57lecTulaDIuNTPy3Ry4gLGJ6Z1O3vE1krgXZNrsQ+LFTGHVxVjcXPs17LhbZVGedAJv8XZ1tvj5FvSg=="
        },
        "loupe": {
            "version": "2.3.4",
            "resolved": "https://registry.npmjs.org/loupe/-/loupe-2.3.4.tgz",
            "integrity": "sha512-OvKfgCC2Ndby6aSTREl5aCCPTNIzlDfQZvZxNUrBrihDhL3xcrYegTblhmEiCrg2kKQz4XsFIaemE5BF4ybSaQ==",
            "requires": {
                "get-func-name": "^2.0.0"
            }
        },
        "mime-db": {
            "version": "1.51.0",
            "resolved": "https://registry.npmjs.org/mime-db/-/mime-db-1.51.0.tgz",
            "integrity": "sha512-5y8A56jg7XVQx2mbv1lu49NR4dokRnhZYTtL+KGfaa27uq4pSTXkwQkFJl4pkRMyNFz/EtYDSkiiEHx3F7UN6g=="
        },
        "mime-types": {
            "version": "2.1.34",
            "resolved": "https://registry.npmjs.org/mime-types/-/mime-types-2.1.34.tgz",
            "integrity": "sha512-6cP692WwGIs9XXdOO4++N+7qjqv0rqxxVvJ3VHPh/Sc9mVZcQP+ZGhkKiTvWMQRr2tbHkJP/Yn7Y0npb3ZBs4A==",
            "requires": {
                "mime-db": "1.51.0"
            }
        },
        "minimatch": {
            "version": "3.1.1",
            "resolved": "https://registry.npmjs.org/minimatch/-/minimatch-3.1.1.tgz",
            "integrity": "sha512-reLxBcKUPNBnc/sVtAbxgRVFSegoGeLaSjmphNhcwcolhYLRgtJscn5mRl6YRZNQv40Y7P6JM2YhSIsbL9OB5A==",
            "dev": true,
            "requires": {
                "brace-expansion": "^1.1.7"
            }
        },
        "neverthrow": {
            "version": "3.2.0",
            "resolved": "https://registry.npmjs.org/neverthrow/-/neverthrow-3.2.0.tgz",
            "integrity": "sha512-AINA32QbYO83L+3CBI6I5lH4LpBSlLwWteJ+uI25s4AQy6g/xz3RZuedmuNo91lLw2rY+AbPEPQdxd7mg1rXoQ=="
        },
        "node-fetch": {
            "version": "2.6.7",
            "resolved": "https://registry.npmjs.org/node-fetch/-/node-fetch-2.6.7.tgz",
            "integrity": "sha512-ZjMPFEfVx5j+y2yF35Kzx5sF7kDzxuDj6ziH4FFbOp87zKDZNx8yExJIb05OGF4Nlt9IHFIMBkRl41VdvcNdbQ==",
            "requires": {
                "whatwg-url": "^5.0.0"
            }
        },
        "once": {
            "version": "1.4.0",
            "resolved": "https://registry.npmjs.org/once/-/once-1.4.0.tgz",
            "integrity": "sha1-WDsap3WWHUsROsF9nFC6753Xa9E=",
            "dev": true,
            "requires": {
                "wrappy": "1"
            }
        },
        "path-is-absolute": {
            "version": "1.0.1",
            "resolved": "https://registry.npmjs.org/path-is-absolute/-/path-is-absolute-1.0.1.tgz",
            "integrity": "sha1-F0uSaHNVNP+8es5r9TpanhtcX18=",
            "dev": true
        },
        "pathval": {
            "version": "1.1.1",
            "resolved": "https://registry.npmjs.org/pathval/-/pathval-1.1.1.tgz",
            "integrity": "sha512-Dp6zGqpTdETdR63lehJYPeIOqpiNBNtc7BpWSLrOje7UaIsE5aY92r/AunQA7rsXvet3lrJ3JnZX29UPTKXyKQ=="
        },
        "process": {
            "version": "0.11.10",
            "resolved": "https://registry.npmjs.org/process/-/process-0.11.10.tgz",
            "integrity": "sha1-czIwDoQBYb2j5podHZGn1LwW8YI="
        },
        "psl": {
            "version": "1.8.0",
            "resolved": "https://registry.npmjs.org/psl/-/psl-1.8.0.tgz",
            "integrity": "sha512-RIdOzyoavK+hA18OGGWDqUTsCLhtA7IcZ/6NCs4fFJaHBDab+pDDmDIByWFRQJq2Cd7r1OoQxBGKOaztq+hjIQ=="
        },
        "punycode": {
            "version": "2.1.1",
            "resolved": "https://registry.npmjs.org/punycode/-/punycode-2.1.1.tgz",
            "integrity": "sha512-XRsRjdf+j5ml+y/6GKHPZbrF/8p2Yga0JPtdqTIY2Xe5ohJPD9saDJJLPvp9+NSBprVvevdXZybnj2cv8OEd0A=="
        },
        "rimraf": {
            "version": "3.0.2",
            "resolved": "https://registry.npmjs.org/rimraf/-/rimraf-3.0.2.tgz",
            "integrity": "sha512-JZkJMZkAGFFPP2YqXZXPbMlMBgsxzE8ILs4lMIX/2o0L9UBw9O/Y3o6wFw/i9YLapcUJWwqbi3kdxIPdC62TIA==",
            "dev": true,
            "requires": {
                "glob": "^7.1.3"
            }
        },
        "safe-buffer": {
            "version": "5.2.1",
            "resolved": "https://registry.npmjs.org/safe-buffer/-/safe-buffer-5.2.1.tgz",
            "integrity": "sha512-rp3So07KcdmmKbGvgaNxQSJr7bGVSVk5S9Eq1F+ppbRo70+YeaDxkw5Dd8NPN+GD6bjnYm2VuPuCXmpuYvmCXQ=="
        },
        "sax": {
            "version": "1.2.4",
            "resolved": "https://registry.npmjs.org/sax/-/sax-1.2.4.tgz",
            "integrity": "sha512-NqVDv9TpANUjFm0N8uM5GxL36UgKi9/atZw+x7YFnQ8ckwFGKrl4xX4yWtrey3UJm5nP1kUbnYgLopqWNSRhWw=="
        },
        "tough-cookie": {
            "version": "4.0.0",
            "resolved": "https://registry.npmjs.org/tough-cookie/-/tough-cookie-4.0.0.tgz",
            "integrity": "sha512-tHdtEpQCMrc1YLrMaqXXcj6AxhYi/xgit6mZu1+EDWUn+qhUf8wMQoFIy9NXuq23zAwtcB0t/MjACGR18pcRbg==",
            "requires": {
                "psl": "^1.1.33",
                "punycode": "^2.1.1",
                "universalify": "^0.1.2"
            }
        },
        "tr46": {
            "version": "0.0.3",
            "resolved": "https://registry.npmjs.org/tr46/-/tr46-0.0.3.tgz",
            "integrity": "sha1-gYT9NH2snNwYWZLzpmIuFLnZq2o="
        },
        "tslib": {
            "version": "2.3.1",
            "resolved": "https://registry.npmjs.org/tslib/-/tslib-2.3.1.tgz",
            "integrity": "sha512-77EbyPPpMz+FRFRuAFlWMtmgUWGe9UOG2Z25NqCwiIjRhOf5iKGuzSe5P2w1laq+FkRy4p+PCuVkJSGkzTEKVw=="
        },
        "tunnel": {
            "version": "0.0.6",
            "resolved": "https://registry.npmjs.org/tunnel/-/tunnel-0.0.6.tgz",
            "integrity": "sha512-1h/Lnq9yajKY2PEbBadPXj3VxsDDu844OnaAo52UVmIzIvwwtBPIuNvkjuzBlTWpfJyUbG3ez0KSBibQkj4ojg=="
        },
        "type-detect": {
            "version": "4.0.8",
            "resolved": "https://registry.npmjs.org/type-detect/-/type-detect-4.0.8.tgz",
            "integrity": "sha512-0fr/mIH1dlO+x7TlcMy+bIDqKPsw/70tVyeHW787goQjhmqaZe10uwLujubK9q9Lg6Fiho1KUKDYz0Z7k7g5/g=="
        },
        "typescript": {
            "version": "4.5.5",
            "resolved": "https://registry.npmjs.org/typescript/-/typescript-4.5.5.tgz",
            "integrity": "sha512-TCTIul70LyWe6IJWT8QSYeA54WQe8EjQFU4wY52Fasj5UKx88LNYKCgBEHcOMOrFF1rKGbD8v/xcNWVUq9SymA==",
            "dev": true
        },
        "underscore": {
            "version": "1.13.2",
            "resolved": "https://registry.npmjs.org/underscore/-/underscore-1.13.2.tgz",
            "integrity": "sha512-ekY1NhRzq0B08g4bGuX4wd2jZx5GnKz6mKSqFL4nqBlfyMGiG10gDFhDTMEfYmDL6Jy0FUIZp7wiRB+0BP7J2g=="
        },
        "universalify": {
            "version": "0.1.2",
            "resolved": "https://registry.npmjs.org/universalify/-/universalify-0.1.2.tgz",
            "integrity": "sha512-rBJeI5CXAlmy1pV+617WB9J63U6XcazHHF2f2dbJix4XzpUF0RS3Zbj0FGIOCAva5P/d/GBOYaACQ1w+0azUkg=="
        },
        "uuid": {
            "version": "8.3.2",
            "resolved": "https://registry.npmjs.org/uuid/-/uuid-8.3.2.tgz",
            "integrity": "sha512-+NYs2QeMWy+GWFOEm9xnn6HCDp0l7QBD7ml8zLUmJ+93Q5NF0NocErnwkTkXVFNiX3/fpC6afS8Dhb/gz7R7eg=="
        },
        "webidl-conversions": {
            "version": "3.0.1",
            "resolved": "https://registry.npmjs.org/webidl-conversions/-/webidl-conversions-3.0.1.tgz",
            "integrity": "sha1-JFNCdeKnvGvnvIZhHMFq4KVlSHE="
        },
        "whatwg-url": {
            "version": "5.0.0",
            "resolved": "https://registry.npmjs.org/whatwg-url/-/whatwg-url-5.0.0.tgz",
            "integrity": "sha1-lmRU6HZUYuN2RNNib2dCzotwll0=",
            "requires": {
                "tr46": "~0.0.3",
                "webidl-conversions": "^3.0.0"
            }
        },
        "wrappy": {
            "version": "1.0.2",
            "resolved": "https://registry.npmjs.org/wrappy/-/wrappy-1.0.2.tgz",
            "integrity": "sha1-tSQ9jz7BqjXxNkYFvA0QNuMKtp8=",
            "dev": true
        },
        "xml2js": {
            "version": "0.4.23",
            "resolved": "https://registry.npmjs.org/xml2js/-/xml2js-0.4.23.tgz",
            "integrity": "sha512-ySPiMjM0+pLDftHgXY4By0uswI3SPKLDw/i3UXbnO8M/p28zqexCUoPmQFrYD+/1BzhGJSs2i1ERWKJAtiLrug==",
            "requires": {
                "sax": ">=0.6.0",
                "xmlbuilder": "~11.0.0"
            }
        },
        "xmlbuilder": {
            "version": "11.0.1",
            "resolved": "https://registry.npmjs.org/xmlbuilder/-/xmlbuilder-11.0.1.tgz",
            "integrity": "sha512-fDlsI/kFEx7gLvbecc0/ohLG50fugQp8ryHzMTuW9vSa1GJ0XYWKnhsUx7oie3G98+r56aTQIUB4kht42R3JvA=="
        },
        "xpath.js": {
            "version": "1.1.0",
            "resolved": "https://registry.npmjs.org/xpath.js/-/xpath.js-1.1.0.tgz",
            "integrity": "sha512-jg+qkfS4K8E7965sqaUl8mRngXiKb3WZGfONgE18pr03FUQiuSV6G+Ej4tS55B+rIQSFEIw3phdVAQ4pPqNWfQ=="
        }
    }
}
